
Microsoft Visual Studio Solution File, Format Version 12.00
# Visual Studio Version 16
VisualStudioVersion = 16.0.32106.194
MinimumVisualStudioVersion = 10.0.40219.1
Project("{FAE04EC0-301F-11D3-BF4B-00C04F79EFBC}") = "AppComanda", "AppComanda\AppComanda.csproj", "{D0A6F577-877D-442D-9976-80194935E673}"
EndProject
Global
	GlobalSection(SolutionConfigurationPlatforms) = preSolution
		Debug|Any CPU = Debug|Any CPU
		Release|Any CPU = Release|Any CPU
	EndGlobalSection
	GlobalSection(ProjectConfigurationPlatforms) = postSolution
		{D0A6F577-877D-442D-9976-80194935E673}.Debug|Any CPU.ActiveCfg = Debug|Any CPU
		{D0A6F577-877D-442D-9976-80194935E673}.Debug|Any CPU.Build.0 = Debug|Any CPU
		{D0A6F577-877D-442D-9976-80194935E673}.Release|Any CPU.ActiveCfg = Release|Any CPU
		{D0A6F577-877D-442D-9976-80194935E673}.Release|Any CPU.Build.0 = Release|Any CPU
	EndGlobalSection
	GlobalSection(SolutionProperties) = preSolution
		HideSolutionNode = FALSE
	EndGlobalSection
	GlobalSection(ExtensibilityGlobals) = postSolution
		SolutionGuid = {2FE1703F-38B1-4446-8226-A4389DC62C23}
	EndGlobalSection
EndGlobal
